
Microsoft Visual Studio Solution File, Format Version 12.00
# Visual Studio Version 17
VisualStudioVersion = 17.0.32014.148
MinimumVisualStudioVersion = 10.0.40219.1
Project("{FAE04EC0-301F-11D3-BF4B-00C04F79EFBC}") = "Brainfuck", "Brainfuck\Brainfuck.csproj", "{72CAC657-F4F2-4EBC-A998-DBEAA9377EF7}"
EndProject
Global
	GlobalSection(SolutionConfigurationPlatforms) = preSolution
		Debug|Any CPU = Debug|Any CPU
		Release|Any CPU = Release|Any CPU
	EndGlobalSection
	GlobalSection(ProjectConfigurationPlatforms) = postSolution
		{72CAC657-F4F2-4EBC-A998-DBEAA9377EF7}.Debug|Any CPU.ActiveCfg = Debug|Any CPU
		{72CAC657-F4F2-4EBC-A998-DBEAA9377EF7}.Debug|Any CPU.Build.0 = Debug|Any CPU
		{72CAC657-F4F2-4EBC-A998-DBEAA9377EF7}.Release|Any CPU.ActiveCfg = Release|Any CPU
		{72CAC657-F4F2-4EBC-A998-DBEAA9377EF7}.Release|Any CPU.Build.0 = Release|Any CPU
	EndGlobalSection
	GlobalSection(SolutionProperties) = preSolution
		HideSolutionNode = FALSE
	EndGlobalSection
	GlobalSection(ExtensibilityGlobals) = postSolution
		SolutionGuid = {34C1EB15-CC83-4C22-B883-FDC666AC352E}
	EndGlobalSection
EndGlobal
